
Microsoft Visual Studio Solution File, Format Version 12.00
# Visual Studio 2013
VisualStudioVersion = 12.0.21005.1
MinimumVisualStudioVersion = 10.0.40219.1
Project("{2150E333-8FDC-42A3-9474-1A3956D46DE8}") = "Manager", "Manager", "{26794C0F-8E02-4FA5-9904-A95389B1ADE4}"
EndProject
Project("{FAE04EC0-301F-11D3-BF4B-00C04F79EFBC}") = "Project.BLL", "Manager\KMHC.CTMS.BLL\Project.BLL.csproj", "{FCB5B0F2-EB9F-4C27-980D-B4857D613A3C}"
EndProject
Project("{FAE04EC0-301F-11D3-BF4B-00C04F79EFBC}") = "Project.DAL", "Manager\KMHC.CTMS.DAL\Project.DAL.csproj", "{A4C34E33-9BD8-4371-A1A2-A782526C5336}"
EndProject
Project("{FAE04EC0-301F-11D3-BF4B-00C04F79EFBC}") = "Project.Model", "Manager\KMHC.CTMS.Model\Project.Model.csproj", "{FF4B268F-D518-4726-9679-F363B152D49B}"
EndProject
Project("{FAE04EC0-301F-11D3-BF4B-00C04F79EFBC}") = "Project.Common", "Manager\KMHC.CTMS.Common\Project.Common.csproj", "{DB659F49-E0CC-4ABD-9E81-9D96511F3964}"
EndProject
Project("{2150E333-8FDC-42A3-9474-1A3956D46DE8}") = ".nuget", ".nuget", "{50149E1E-FD23-4BBD-816D-16701423D0D0}"
	ProjectSection(SolutionItems) = preProject
		.nuget\NuGet.Config = .nuget\NuGet.Config
		.nuget\NuGet.exe = .nuget\NuGet.exe
		.nuget\NuGet.targets = .nuget\NuGet.targets
	EndProjectSection
EndProject
Project("{FAE04EC0-301F-11D3-BF4B-00C04F79EFBC}") = "Project.UI", "Manager\KMHC.CTMS.UI\Project.UI.csproj", "{5E6B9196-738C-4560-9BE2-8C5C385E6546}"
EndProject
Project("{2150E333-8FDC-42A3-9474-1A3956D46DE8}") = "Server", "Server", "{7D76F25F-DEEB-4679-B08E-9D3614832F85}"
EndProject
Project("{FAE04EC0-301F-11D3-BF4B-00C04F79EFBC}") = "XiYouServerMonitor", "XiYouServerMonitor\XiYouServerMonitor.csproj", "{B766DE17-06A4-48DE-A3CD-8318EDAABF57}"
EndProject
Project("{2150E333-8FDC-42A3-9474-1A3956D46DE8}") = "DLL", "DLL", "{3984A6B9-12ED-44A2-83F6-20EADE918939}"
	ProjectSection(SolutionItems) = preProject
		TextFile1.txt = TextFile1.txt
	EndProjectSection
EndProject
Project("{FAE04EC0-301F-11D3-BF4B-00C04F79EFBC}") = "XiYou", "fistfight\XiYou.csproj", "{171F4C87-A802-4B76-8541-BEED52F11A43}"
EndProject
Global
	GlobalSection(SolutionConfigurationPlatforms) = preSolution
		Debug|Any CPU = Debug|Any CPU
		Release|Any CPU = Release|Any CPU
	EndGlobalSection
	GlobalSection(ProjectConfigurationPlatforms) = postSolution
		{FCB5B0F2-EB9F-4C27-980D-B4857D613A3C}.Debug|Any CPU.ActiveCfg = Debug|Any CPU
		{FCB5B0F2-EB9F-4C27-980D-B4857D613A3C}.Debug|Any CPU.Build.0 = Debug|Any CPU
		{FCB5B0F2-EB9F-4C27-980D-B4857D613A3C}.Release|Any CPU.ActiveCfg = Release|Any CPU
		{FCB5B0F2-EB9F-4C27-980D-B4857D613A3C}.Release|Any CPU.Build.0 = Release|Any CPU
		{A4C34E33-9BD8-4371-A1A2-A782526C5336}.Debug|Any CPU.ActiveCfg = Debug|Any CPU
		{A4C34E33-9BD8-4371-A1A2-A782526C5336}.Debug|Any CPU.Build.0 = Debug|Any CPU
		{A4C34E33-9BD8-4371-A1A2-A782526C5336}.Release|Any CPU.ActiveCfg = Release|Any CPU
		{A4C34E33-9BD8-4371-A1A2-A782526C5336}.Release|Any CPU.Build.0 = Release|Any CPU
		{FF4B268F-D518-4726-9679-F363B152D49B}.Debug|Any CPU.ActiveCfg = Debug|Any CPU
		{FF4B268F-D518-4726-9679-F363B152D49B}.Debug|Any CPU.Build.0 = Debug|Any CPU
		{FF4B268F-D518-4726-9679-F363B152D49B}.Release|Any CPU.ActiveCfg = Release|Any CPU
		{FF4B268F-D518-4726-9679-F363B152D49B}.Release|Any CPU.Build.0 = Release|Any CPU
		{DB659F49-E0CC-4ABD-9E81-9D96511F3964}.Debug|Any CPU.ActiveCfg = Debug|Any CPU
		{DB659F49-E0CC-4ABD-9E81-9D96511F3964}.Debug|Any CPU.Build.0 = Debug|Any CPU
		{DB659F49-E0CC-4ABD-9E81-9D96511F3964}.Release|Any CPU.ActiveCfg = Release|Any CPU
		{DB659F49-E0CC-4ABD-9E81-9D96511F3964}.Release|Any CPU.Build.0 = Release|Any CPU
		{5E6B9196-738C-4560-9BE2-8C5C385E6546}.Debug|Any CPU.ActiveCfg = Debug|Any CPU
		{5E6B9196-738C-4560-9BE2-8C5C385E6546}.Debug|Any CPU.Build.0 = Debug|Any CPU
		{5E6B9196-738C-4560-9BE2-8C5C385E6546}.Release|Any CPU.ActiveCfg = Release|Any CPU
		{5E6B9196-738C-4560-9BE2-8C5C385E6546}.Release|Any CPU.Build.0 = Release|Any CPU
		{B766DE17-06A4-48DE-A3CD-8318EDAABF57}.Debug|Any CPU.ActiveCfg = Debug|Any CPU
		{B766DE17-06A4-48DE-A3CD-8318EDAABF57}.Debug|Any CPU.Build.0 = Debug|Any CPU
		{B766DE17-06A4-48DE-A3CD-8318EDAABF57}.Release|Any CPU.ActiveCfg = Release|Any CPU
		{B766DE17-06A4-48DE-A3CD-8318EDAABF57}.Release|Any CPU.Build.0 = Release|Any CPU
		{171F4C87-A802-4B76-8541-BEED52F11A43}.Debug|Any CPU.ActiveCfg = Debug|Any CPU
		{171F4C87-A802-4B76-8541-BEED52F11A43}.Debug|Any CPU.Build.0 = Debug|Any CPU
		{171F4C87-A802-4B76-8541-BEED52F11A43}.Release|Any CPU.ActiveCfg = Release|Any CPU
		{171F4C87-A802-4B76-8541-BEED52F11A43}.Release|Any CPU.Build.0 = Release|Any CPU
	EndGlobalSection
	GlobalSection(SolutionProperties) = preSolution
		HideSolutionNode = FALSE
	EndGlobalSection
	GlobalSection(NestedProjects) = preSolution
		{FCB5B0F2-EB9F-4C27-980D-B4857D613A3C} = {26794C0F-8E02-4FA5-9904-A95389B1ADE4}
		{A4C34E33-9BD8-4371-A1A2-A782526C5336} = {26794C0F-8E02-4FA5-9904-A95389B1ADE4}
		{FF4B268F-D518-4726-9679-F363B152D49B} = {26794C0F-8E02-4FA5-9904-A95389B1ADE4}
		{DB659F49-E0CC-4ABD-9E81-9D96511F3964} = {26794C0F-8E02-4FA5-9904-A95389B1ADE4}
		{5E6B9196-738C-4560-9BE2-8C5C385E6546} = {26794C0F-8E02-4FA5-9904-A95389B1ADE4}
		{B766DE17-06A4-48DE-A3CD-8318EDAABF57} = {7D76F25F-DEEB-4679-B08E-9D3614832F85}
	EndGlobalSection
EndGlobal
